
Microsoft Visual Studio Solution File, Format Version 12.00
# Visual Studio 2012
Project("{FAE04EC0-301F-11D3-BF4B-00C04F79EFBC}") = "Netchex.Application.Web", "Netchex.Application.Web\Netchex.Application.Web.csproj", "{D4C6FD7A-B6AD-48C2-8C7F-05C95234F5BC}"
	ProjectSection(ProjectDependencies) = postProject
		{DD42FD16-9CA8-47F8-B599-84D5EFF4E10E} = {DD42FD16-9CA8-47F8-B599-84D5EFF4E10E}
		{A6CC8F92-8CC1-4B65-BFA0-66CEC94D6559} = {A6CC8F92-8CC1-4B65-BFA0-66CEC94D6559}
		{D97FF2C0-0622-4FD8-AC25-67071AAE4D3A} = {D97FF2C0-0622-4FD8-AC25-67071AAE4D3A}
		{A5C992DD-4918-40B1-8947-A962ACD6E286} = {A5C992DD-4918-40B1-8947-A962ACD6E286}
	EndProjectSection
EndProject
Project("{2150E333-8FDC-42A3-9474-1A3956D46DE8}") = "CoreComponents", "CoreComponents", "{471DABCB-CE4E-467A-B7DA-AF13E3C16CBA}"
EndProject
Project("{2150E333-8FDC-42A3-9474-1A3956D46DE8}") = "DataProcessing", "DataProcessing", "{BDD32005-8B81-4B82-8A9F-5901011447B8}"
EndProject
Project("{2150E333-8FDC-42A3-9474-1A3956D46DE8}") = "DomainModel", "DomainModel", "{906C720C-35D7-4683-85A3-904BB36D1030}"
EndProject
Project("{2150E333-8FDC-42A3-9474-1A3956D46DE8}") = "Framework", "Framework", "{8BF32D0A-4F36-4BC9-B3E7-5E1488D46CD6}"
EndProject
Project("{2150E333-8FDC-42A3-9474-1A3956D46DE8}") = "Presentations", "Presentations", "{265D11D5-6ED6-4A1C-ACA9-0AB931E519F4}"
EndProject
Project("{FAE04EC0-301F-11D3-BF4B-00C04F79EFBC}") = "Netchex.Domain", "Netchex.Domain\Netchex.Domain.csproj", "{A5C992DD-4918-40B1-8947-A962ACD6E286}"
EndProject
Project("{FAE04EC0-301F-11D3-BF4B-00C04F79EFBC}") = "Netchex.DataAccess", "Netchex.DataAccess\Netchex.DataAccess.csproj", "{D97FF2C0-0622-4FD8-AC25-67071AAE4D3A}"
EndProject
Project("{2150E333-8FDC-42A3-9474-1A3956D46DE8}") = "Security", "Security", "{5F1B21B5-39A2-4890-BF0B-604066793698}"
EndProject
Project("{FAE04EC0-301F-11D3-BF4B-00C04F79EFBC}") = "Netchex.Security", "Netchex.Security\Netchex.Security.csproj", "{A6CC8F92-8CC1-4B65-BFA0-66CEC94D6559}"
EndProject
Project("{FAE04EC0-301F-11D3-BF4B-00C04F79EFBC}") = "Netchex.Framework", "Netchex.Framework\Netchex.Framework.csproj", "{DD42FD16-9CA8-47F8-B599-84D5EFF4E10E}"
EndProject
Global
	GlobalSection(SolutionConfigurationPlatforms) = preSolution
		Debug|Any CPU = Debug|Any CPU
		Release|Any CPU = Release|Any CPU
	EndGlobalSection
	GlobalSection(ProjectConfigurationPlatforms) = postSolution
		{D4C6FD7A-B6AD-48C2-8C7F-05C95234F5BC}.Debug|Any CPU.ActiveCfg = Debug|Any CPU
		{D4C6FD7A-B6AD-48C2-8C7F-05C95234F5BC}.Debug|Any CPU.Build.0 = Debug|Any CPU
		{D4C6FD7A-B6AD-48C2-8C7F-05C95234F5BC}.Release|Any CPU.ActiveCfg = Release|Any CPU
		{D4C6FD7A-B6AD-48C2-8C7F-05C95234F5BC}.Release|Any CPU.Build.0 = Release|Any CPU
		{A5C992DD-4918-40B1-8947-A962ACD6E286}.Debug|Any CPU.ActiveCfg = Debug|Any CPU
		{A5C992DD-4918-40B1-8947-A962ACD6E286}.Debug|Any CPU.Build.0 = Debug|Any CPU
		{A5C992DD-4918-40B1-8947-A962ACD6E286}.Release|Any CPU.ActiveCfg = Release|Any CPU
		{A5C992DD-4918-40B1-8947-A962ACD6E286}.Release|Any CPU.Build.0 = Release|Any CPU
		{D97FF2C0-0622-4FD8-AC25-67071AAE4D3A}.Debug|Any CPU.ActiveCfg = Debug|Any CPU
		{D97FF2C0-0622-4FD8-AC25-67071AAE4D3A}.Debug|Any CPU.Build.0 = Debug|Any CPU
		{D97FF2C0-0622-4FD8-AC25-67071AAE4D3A}.Release|Any CPU.ActiveCfg = Release|Any CPU
		{D97FF2C0-0622-4FD8-AC25-67071AAE4D3A}.Release|Any CPU.Build.0 = Release|Any CPU
		{A6CC8F92-8CC1-4B65-BFA0-66CEC94D6559}.Debug|Any CPU.ActiveCfg = Debug|Any CPU
		{A6CC8F92-8CC1-4B65-BFA0-66CEC94D6559}.Debug|Any CPU.Build.0 = Debug|Any CPU
		{A6CC8F92-8CC1-4B65-BFA0-66CEC94D6559}.Release|Any CPU.ActiveCfg = Release|Any CPU
		{A6CC8F92-8CC1-4B65-BFA0-66CEC94D6559}.Release|Any CPU.Build.0 = Release|Any CPU
		{DD42FD16-9CA8-47F8-B599-84D5EFF4E10E}.Debug|Any CPU.ActiveCfg = Debug|Any CPU
		{DD42FD16-9CA8-47F8-B599-84D5EFF4E10E}.Debug|Any CPU.Build.0 = Debug|Any CPU
		{DD42FD16-9CA8-47F8-B599-84D5EFF4E10E}.Release|Any CPU.ActiveCfg = Release|Any CPU
		{DD42FD16-9CA8-47F8-B599-84D5EFF4E10E}.Release|Any CPU.Build.0 = Release|Any CPU
	EndGlobalSection
	GlobalSection(SolutionProperties) = preSolution
		HideSolutionNode = FALSE
	EndGlobalSection
	GlobalSection(NestedProjects) = preSolution
		{D4C6FD7A-B6AD-48C2-8C7F-05C95234F5BC} = {265D11D5-6ED6-4A1C-ACA9-0AB931E519F4}
		{BDD32005-8B81-4B82-8A9F-5901011447B8} = {471DABCB-CE4E-467A-B7DA-AF13E3C16CBA}
		{906C720C-35D7-4683-85A3-904BB36D1030} = {471DABCB-CE4E-467A-B7DA-AF13E3C16CBA}
		{8BF32D0A-4F36-4BC9-B3E7-5E1488D46CD6} = {471DABCB-CE4E-467A-B7DA-AF13E3C16CBA}
		{5F1B21B5-39A2-4890-BF0B-604066793698} = {471DABCB-CE4E-467A-B7DA-AF13E3C16CBA}
		{D97FF2C0-0622-4FD8-AC25-67071AAE4D3A} = {BDD32005-8B81-4B82-8A9F-5901011447B8}
		{A5C992DD-4918-40B1-8947-A962ACD6E286} = {906C720C-35D7-4683-85A3-904BB36D1030}
		{DD42FD16-9CA8-47F8-B599-84D5EFF4E10E} = {8BF32D0A-4F36-4BC9-B3E7-5E1488D46CD6}
		{A6CC8F92-8CC1-4B65-BFA0-66CEC94D6559} = {5F1B21B5-39A2-4890-BF0B-604066793698}
	EndGlobalSection
EndGlobal
