
Microsoft Visual Studio Solution File, Format Version 12.00
# Visual Studio 2012
Project("{FAE04EC0-301F-11D3-BF4B-00C04F79EFBC}") = "NetchexAngular", "NetchexAngular\NetchexAngular.csproj", "{6756DDDB-C0D4-43BD-A6F8-E5737401E016}"
EndProject
Project("{FAE04EC0-301F-11D3-BF4B-00C04F79EFBC}") = "NetchexAngular.Core", "NetchexAngular.Core\NetchexAngular.Core.csproj", "{930A60FE-8990-48E4-BB0B-16ADEEAED47B}"
EndProject
Global
	GlobalSection(SolutionConfigurationPlatforms) = preSolution
		Debug|Any CPU = Debug|Any CPU
		Release|Any CPU = Release|Any CPU
	EndGlobalSection
	GlobalSection(ProjectConfigurationPlatforms) = postSolution
		{6756DDDB-C0D4-43BD-A6F8-E5737401E016}.Debug|Any CPU.ActiveCfg = Debug|Any CPU
		{6756DDDB-C0D4-43BD-A6F8-E5737401E016}.Debug|Any CPU.Build.0 = Debug|Any CPU
		{6756DDDB-C0D4-43BD-A6F8-E5737401E016}.Release|Any CPU.ActiveCfg = Release|Any CPU
		{6756DDDB-C0D4-43BD-A6F8-E5737401E016}.Release|Any CPU.Build.0 = Release|Any CPU
		{930A60FE-8990-48E4-BB0B-16ADEEAED47B}.Debug|Any CPU.ActiveCfg = Debug|Any CPU
		{930A60FE-8990-48E4-BB0B-16ADEEAED47B}.Debug|Any CPU.Build.0 = Debug|Any CPU
		{930A60FE-8990-48E4-BB0B-16ADEEAED47B}.Release|Any CPU.ActiveCfg = Release|Any CPU
		{930A60FE-8990-48E4-BB0B-16ADEEAED47B}.Release|Any CPU.Build.0 = Release|Any CPU
	EndGlobalSection
	GlobalSection(SolutionProperties) = preSolution
		HideSolutionNode = FALSE
	EndGlobalSection
EndGlobal
